
Microsoft Visual Studio Solution File, Format Version 12.00
# Visual Studio Version 17
VisualStudioVersion = 17.7.34024.191
MinimumVisualStudioVersion = 10.0.40219.1
Project("{FAE04EC0-301F-11D3-BF4B-00C04F79EFBC}") = "tortblin", "tortblin.csproj", "{CFBAD77E-B0A7-461F-B57E-F230DCB2EAA3}"
EndProject
Global
	GlobalSection(SolutionConfigurationPlatforms) = preSolution
		Debug|Any CPU = Debug|Any CPU
		Release|Any CPU = Release|Any CPU
	EndGlobalSection
	GlobalSection(ProjectConfigurationPlatforms) = postSolution
		{CFBAD77E-B0A7-461F-B57E-F230DCB2EAA3}.Debug|Any CPU.ActiveCfg = Debug|Any CPU
		{CFBAD77E-B0A7-461F-B57E-F230DCB2EAA3}.Debug|Any CPU.Build.0 = Debug|Any CPU
		{CFBAD77E-B0A7-461F-B57E-F230DCB2EAA3}.Release|Any CPU.ActiveCfg = Release|Any CPU
		{CFBAD77E-B0A7-461F-B57E-F230DCB2EAA3}.Release|Any CPU.Build.0 = Release|Any CPU
	EndGlobalSection
	GlobalSection(SolutionProperties) = preSolution
		HideSolutionNode = FALSE
	EndGlobalSection
	GlobalSection(ExtensibilityGlobals) = postSolution
		SolutionGuid = {76779A3F-10C9-4A09-8211-F309B0C36DA4}
	EndGlobalSection
EndGlobal
